// !$*UTF8*$!
{
	archiveVersion = 1;
	classes = {
	};
	objectVersion = 46;
	objects = {

/* Begin PBXBuildFile section */
		C440DE091DC3775C00D07782 /* QViewController.swift in Sources */ = {isa = PBXBuildFile; fileRef = C440DE081DC3775C00D07782 /* QViewController.swift */; };
		C487E7371DC0BAB1003F28CE /* AppDelegate.swift in Sources */ = {isa = PBXBuildFile; fileRef = C487E7361DC0BAB1003F28CE /* AppDelegate.swift */; };
		C487E7391DC0BAB1003F28CE /* ViewController.swift in Sources */ = {isa = PBXBuildFile; fileRef = C487E7381DC0BAB1003F28CE /* ViewController.swift */; };
		C487E73C1DC0BAB1003F28CE /* Main.storyboard in Resources */ = {isa = PBXBuildFile; fileRef = C487E73A1DC0BAB1003F28CE /* Main.storyboard */; };
		C487E73E1DC0BAB1003F28CE /* Assets.xcassets in Resources */ = {isa = PBXBuildFile; fileRef = C487E73D1DC0BAB1003F28CE /* Assets.xcassets */; };
		C487E7411DC0BAB1003F28CE /* LaunchScreen.storyboard in Resources */ = {isa = PBXBuildFile; fileRef = C487E73F1DC0BAB1003F28CE /* LaunchScreen.storyboard */; };
/* End PBXBuildFile section */

/* Begin PBXFileReference section */
		C440DE081DC3775C00D07782 /* QViewController.swift */ = {isa = PBXFileReference; fileEncoding = 4; lastKnownFileType = sourcecode.swift; path = QViewController.swift; sourceTree = "<group>"; };
		C487E7331DC0BAB1003F28CE /* HW_QuizGame.app */ = {isa = PBXFileReference; explicitFileType = wrapper.application; includeInIndex = 0; path = HW_QuizGame.app; sourceTree = BUILT_PRODUCTS_DIR; };
		C487E7361DC0BAB1003F28CE /* AppDelegate.swift */ = {isa = PBXFileReference; lastKnownFileType = sourcecode.swift; path = AppDelegate.swift; sourceTree = "<group>"; };
		C487E7381DC0BAB1003F28CE /* ViewController.swift */ = {isa = PBXFileReference; lastKnownFileType = sourcecode.swift; path = ViewController.swift; sourceTree = "<group>"; };
		C487E73B1DC0BAB1003F28CE /* Base */ = {isa = PBXFileReference; lastKnownFileType = file.storyboard; name = Base; path = Base.lproj/Main.storyboard; sourceTree = "<group>"; };
		C487E73D1DC0BAB1003F28CE /* Assets.xcassets */ = {isa = PBXFileReference; lastKnownFileType = folder.assetcatalog; path = Assets.xcassets; sourceTree = "<group>"; };
		C487E7401DC0BAB1003F28CE /* Base */ = {isa = PBXFileReference; lastKnownFileType = file.storyboard; name = Base; path = Base.lproj/LaunchScreen.storyboard; sourceTree = "<group>"; };
		C487E7421DC0BAB1003F28CE /* Info.plist */ = {isa = PBXFileReference; lastKnownFileType = text.plist.xml; path = Info.plist; sourceTree = "<group>"; };
/* End PBXFileReference section */

/* Begin PBXFrameworksBuildPhase section */
		C487E7301DC0BAB1003F28CE /* Frameworks */ = {
			isa = PBXFrameworksBuildPhase;
			buildActionMask = 2147483647;
			files = (
			);
			runOnlyForDeploymentPostprocessing = 0;
		};
/* End PBXFrameworksBuildPhase section */

/* Begin PBXGroup section */
		C487E72A1DC0BAB1003F28CE = {
			isa = PBXGroup;
			children = (
				C487E7351DC0BAB1003F28CE /* HW_QuizGame */,
				C487E7341DC0BAB1003F28CE /* Products */,
			);
			sourceTree = "<group>";
		};
		C487E7341DC0BAB1003F28CE /* Products */ = {
			isa = PBXGroup;
			children = (
				C487E7331DC0BAB1003F28CE /* HW_QuizGame.app */,
			);
			name = Products;
			sourceTree = "<group>";
		};
		C487E7351DC0BAB1003F28CE /* HW_QuizGame */ = {
			isa = PBXGroup;
			children = (
				C487E7361DC0BAB1003F28CE /* AppDelegate.swift */,
				C487E7381DC0BAB1003F28CE /* ViewController.swift */,
				C487E73A1DC0BAB1003F28CE /* Main.storyboard */,
				C440DE081DC3775C00D07782 /* QViewController.swift */,
				C487E73D1DC0BAB1003F28CE /* Assets.xcassets */,
				C487E73F1DC0BAB1003F28CE /* LaunchScreen.storyboard */,
				C487E7421DC0BAB1003F28CE /* Info.plist */,
			);
			path = HW_QuizGame;
			sourceTree = "<group>";
		};
/* End PBXGroup section */

/* Begin PBXNativeTarget section */
		C487E7321DC0BAB1003F28CE /* HW_QuizGame */ = {
			isa = PBXNativeTarget;
			buildConfigurationList = C487E7451DC0BAB1003F28CE /* Build configuration list for PBXNativeTarget "HW_QuizGame" */;
			buildPhases = (
				C487E72F1DC0BAB1003F28CE /* Sources */,
				C487E7301DC0BAB1003F28CE /* Frameworks */,
				C487E7311DC0BAB1003F28CE /* Resources */,
			);
			buildRules = (
			);
			dependencies = (
			);
			name = HW_QuizGame;
			productName = HW_QuizGame;
			productReference = C487E7331DC0BAB1003F28CE /* HW_QuizGame.app */;
			productType = "com.apple.product-type.application";
		};
/* End PBXNativeTarget section */

/* Begin PBXProject section */
		C487E72B1DC0BAB1003F28CE /* Project object */ = {
			isa = PBXProject;
			attributes = {
				LastSwiftUpdateCheck = 0800;
				LastUpgradeCheck = 0800;
				ORGANIZATIONNAME = Zoey;
				TargetAttributes = {
					C487E7321DC0BAB1003F28CE = {
						CreatedOnToolsVersion = 8.0;
						DevelopmentTeam = 2592JDT7BC;
						ProvisioningStyle = Automatic;
					};
				};
			};
			buildConfigurationList = C487E72E1DC0BAB1003F28CE /* Build configuration list for PBXProject "HW_QuizGame" */;
			compatibilityVersion = "Xcode 3.2";
			developmentRegion = English;
			hasScannedForEncodings = 0;
			knownRegions = (
				en,
				Base,
			);
			mainGroup = C487E72A1DC0BAB1003F28CE;
			productRefGroup = C487E7341DC0BAB1003F28CE /* Products */;
			projectDirPath = "";
			projectRoot = "";
			targets = (
				C487E7321DC0BAB1003F28CE /* HW_QuizGame */,
			);
		};
/* End PBXProject section */

/* Begin PBXResourcesBuildPhase section */
		C487E7311DC0BAB1003F28CE /* Resources */ = {
			isa = PBXResourcesBuildPhase;
			buildActionMask = 2147483647;
			files = (
				C487E7411DC0BAB1003F28CE /* LaunchScreen.storyboard in Resources */,
				C487E73E1DC0BAB1003F28CE /* Assets.xcassets in Resources */,
				C487E73C1DC0BAB1003F28CE /* Main.storyboard in Resources */,
			);
			runOnlyForDeploymentPostprocessing = 0;
		};
/* End PBXResourcesBuildPhase section */

/* Begin PBXSourcesBuildPhase section */
		C487E72F1DC0BAB1003F28CE /* Sources */ = {
			isa = PBXSourcesBuildPhase;
			buildActionMask = 2147483647;
			files = (
				C487E7391DC0BAB1003F28CE /* ViewController.swift in Sources */,
				C440DE091DC3775C00D07782 /* QViewController.swift in Sources */,
				C487E7371DC0BAB1003F28CE /* AppDelegate.swift in Sources */,
			);
			runOnlyForDeploymentPostprocessing = 0;
		};
/* End PBXSourcesBuildPhase section */

/* Begin PBXVariantGroup section */
		C487E73A1DC0BAB1003F28CE /* Main.storyboard */ = {
			isa = PBXVariantGroup;
			children = (
				C487E73B1DC0BAB1003F28CE /* Base */,
			);
			name = Main.storyboard;
			sourceTree = "<group>";
		};
		C487E73F1DC0BAB1003F28CE /* LaunchScreen.storyboard */ = {
			isa = PBXVariantGroup;
			children = (
				C487E7401DC0BAB1003F28CE /* Base */,
			);
			name = LaunchScreen.storyboard;
			sourceTree = "<group>";
		};
/* End PBXVariantGroup section */

/* Begin XCBuildConfiguration section */
		C487E7431DC0BAB1003F28CE /* Debug */ = {
			isa = XCBuildConfiguration;
			buildSettings = {
				ALWAYS_SEARCH_USER_PATHS = NO;
				CLANG_ANALYZER_NONNULL = YES;
				CLANG_CXX_LANGUAGE_STANDARD = "gnu++0x";
				CLANG_CXX_LIBRARY = "libc++";
				CLANG_ENABLE_MODULES = YES;
				CLANG_ENABLE_OBJC_ARC = YES;
				CLANG_WARN_BOOL_CONVERSION = YES;
				CLANG_WARN_CONSTANT_CONVERSION = YES;
				CLANG_WARN_DIRECT_OBJC_ISA_USAGE = YES_ERROR;
				CLANG_WARN_DOCUMENTATION_COMMENTS = YES;
				CLANG_WARN_EMPTY_BODY = YES;
				CLANG_WARN_ENUM_CONVERSION = YES;
				CLANG_WARN_INFINITE_RECURSION = YES;
				CLANG_WARN_INT_CONVERSION = YES;
				CLANG_WARN_OBJC_ROOT_CLASS = YES_ERROR;
				CLANG_WARN_SUSPICIOUS_MOVES = YES;
				CLANG_WARN_UNREACHABLE_CODE = YES;
				CLANG_WARN__DUPLICATE_METHOD_MATCH = YES;
				"CODE_SIGN_IDENTITY[sdk=iphoneos*]" = "iPhone Developer";
				COPY_PHASE_STRIP = NO;
				DEBUG_INFORMATION_FORMAT = dwarf;
				ENABLE_STRICT_OBJC_MSGSEND = YES;
				ENABLE_TESTABILITY = YES;
				GCC_C_LANGUAGE_STANDARD = gnu99;
				GCC_DYNAMIC_NO_PIC = NO;
				GCC_NO_COMMON_BLOCKS = YES;
				GCC_OPTIMIZATION_LEVEL = 0;
				GCC_PREPROCESSOR_DEFINITIONS = (
					"DEBUG=1",
					"$(inherited)",
				);
				GCC_WARN_64_TO_32_BIT_CONVERSION = YES;
				GCC_WARN_ABOUT_RETURN_TYPE = YES_ERROR;
				GCC_WARN_UNDECLARED_SELECTOR = YES;
				GCC_WARN_UNINITIALIZED_AUTOS = YES_AGGRESSIVE;
				GCC_WARN_UNUSED_FUNCTION = YES;
				GCC_WARN_UNUSED_VARIABLE = YES;
				IPHONEOS_DEPLOYMENT_TARGET = 10.0;
				MTL_ENABLE_DEBUG_INFO = YES;
				ONLY_ACTIVE_ARCH = YES;
				SDKROOT = iphoneos;
				SWIFT_ACTIVE_COMPILATION_CONDITIONS = DEBUG;
				SWIFT_OPTIMIZATION_LEVEL = "-Onone";
			};
			name = Debug;
		};
		C487E7441DC0BAB1003F28CE /* Release */ = {
			isa = XCBuildConfiguration;
			buildSettings = {
				ALWAYS_SEARCH_USER_PATHS = NO;
				CLANG_ANALYZER_NONNULL = YES;
				CLANG_CXX_LANGUAGE_STANDARD = "gnu++0x";
				CLANG_CXX_LIBRARY = "libc++";
				CLANG_ENABLE_MODULES = YES;
				CLANG_ENABLE_OBJC_ARC = YES;
				CLANG_WARN_BOOL_CONVERSION = YES;
				CLANG_WARN_CONSTANT_CONVERSION = YES;
				CLANG_WARN_DIRECT_OBJC_ISA_USAGE = YES_ERROR;
				CLANG_WARN_DOCUMENTATION_COMMENTS = YES;
				CLANG_WARN_EMPTY_BODY = YES;
				CLANG_WARN_ENUM_CONVERSION = YES;
				CLANG_WARN_INFINITE_RECURSION = YES;
				CLANG_WARN_INT_CONVERSION = YES;
				CLANG_WARN_OBJC_ROOT_CLASS = YES_ERROR;
				CLANG_WARN_SUSPICIOUS_MOVES = YES;
				CLANG_WARN_UNREACHABLE_CODE = YES;
				CLANG_WARN__DUPLICATE_METHOD_MATCH = YES;
				"CODE_SIGN_IDENTITY[sdk=iphoneos*]" = "iPhone Developer";
				COPY_PHASE_STRIP = NO;
				DEBUG_INFORMATION_FORMAT = "dwarf-with-dsym";
				ENABLE_NS_ASSERTIONS = NO;
				ENABLE_STRICT_OBJC_MSGSEND = YES;
				GCC_C_LANGUAGE_STANDARD = gnu99;
				GCC_NO_COMMON_BLOCKS = YES;
				GCC_WARN_64_TO_32_BIT_CONVERSION = YES;
				GCC_WARN_ABOUT_RETURN_TYPE = YES_ERROR;
				GCC_WARN_UNDECLARED_SELECTOR = YES;
				GCC_WARN_UNINITIALIZED_AUTOS = YES_AGGRESSIVE;
				GCC_WARN_UNUSED_FUNCTION = YES;
				GCC_WARN_UNUSED_VARIABLE = YES;
				IPHONEOS_DEPLOYMENT_TARGET = 10.0;
				MTL_ENABLE_DEBUG_INFO = NO;
				SDKROOT = iphoneos;
				SWIFT_OPTIMIZATION_LEVEL = "-Owholemodule";
				VALIDATE_PRODUCT = YES;
			};
			name = Release;
		};
		C487E7461DC0BAB1003F28CE /* Debug */ = {
			isa = XCBuildConfiguration;
			buildSettings = {
				ASSETCATALOG_COMPILER_APPICON_NAME = AppIcon;
				DEVELOPMENT_TEAM = 2592JDT7BC;
				INFOPLIST_FILE = HW_QuizGame/Info.plist;
				LD_RUNPATH_SEARCH_PATHS = "$(inherited) @executable_path/Frameworks";
				PRODUCT_BUNDLE_IDENTIFIER = "Kitty.House.HW-QuizGame";
				PRODUCT_NAME = "$(TARGET_NAME)";
				SWIFT_VERSION = 3.0;
			};
			name = Debug;
		};
		C487E7471DC0BAB1003F28CE /* Release */ = {
			isa = XCBuildConfiguration;
			buildSettings = {
				ASSETCATALOG_COMPILER_APPICON_NAME = AppIcon;
				DEVELOPMENT_TEAM = 2592JDT7BC;
				INFOPLIST_FILE = HW_QuizGame/Info.plist;
				LD_RUNPATH_SEARCH_PATHS = "$(inherited) @executable_path/Frameworks";
				PRODUCT_BUNDLE_IDENTIFIER = "Kitty.House.HW-QuizGame";
				PRODUCT_NAME = "$(TARGET_NAME)";
				SWIFT_VERSION = 3.0;
			};
			name = Release;
		};
/* End XCBuildConfiguration section */

/* Begin XCConfigurationList section */
		C487E72E1DC0BAB1003F28CE /* Build configuration list for PBXProject "HW_QuizGame" */ = {
			isa = XCConfigurationList;
			buildConfigurations = (
				C487E7431DC0BAB1003F28CE /* Debug */,
				C487E7441DC0BAB1003F28CE /* Release */,
			);
			defaultConfigurationIsVisible = 0;
			defaultConfigurationName = Release;
		};
		C487E7451DC0BAB1003F28CE /* Build configuration list for PBXNativeTarget "HW_QuizGame" */ = {
			isa = XCConfigurationList;
			buildConfigurations = (
				C487E7461DC0BAB1003F28CE /* Debug */,
				C487E7471DC0BAB1003F28CE /* Release */,
			);
			defaultConfigurationIsVisible = 0;
			defaultConfigurationName = Release;
		};
/* End XCConfigurationList section */
	};
	rootObject = C487E72B1DC0BAB1003F28CE /* Project object */;
}
